
Microsoft Visual Studio Solution File, Format Version 12.00
# Visual Studio 15
VisualStudioVersion = 15.0.27703.2018
MinimumVisualStudioVersion = 10.0.40219.1
Project("{9A19103F-16F7-4668-BE54-9A1E7A4F7556}") = "Forum.Domain", "Forum.Domain\Forum.Domain.csproj", "{1C2604D2-DCC7-44B0-A2DF-2537B919866A}"
EndProject
Project("{9A19103F-16F7-4668-BE54-9A1E7A4F7556}") = "Forum.Domain.Tests.Unit", "Forum.Domain.Tests.Unit\Forum.Domain.Tests.Unit.csproj", "{9AE62B0B-B70C-4628-9F37-303D194FCB80}"
EndProject
Project("{2150E333-8FDC-42A3-9474-1A3956D46DE8}") = "Forum", "Forum", "{54DAC616-D677-4DA1-8527-4B6D4195CD94}"
EndProject
Project("{2150E333-8FDC-42A3-9474-1A3956D46DE8}") = "Doamin", "Doamin", "{09B3A963-C8B1-4480-BE66-A82F961C43CA}"
EndProject
Project("{2150E333-8FDC-42A3-9474-1A3956D46DE8}") = "0_Framework", "0_Framework", "{F4C63BA7-ACDE-4A3F-91E1-754EC5DAF842}"
EndProject
Project("{9A19103F-16F7-4668-BE54-9A1E7A4F7556}") = "Framework.Core", "Framework.Core\Framework.Core.csproj", "{E474111D-79C1-40AA-8640-0D0665ACFAEC}"
EndProject
Project("{9A19103F-16F7-4668-BE54-9A1E7A4F7556}") = "Framework.Domain", "Framework.Domain\Framework.Domain.csproj", "{0BA47F6E-B660-4C60-8CD7-AA28D979D98F}"
EndProject
Project("{9A19103F-16F7-4668-BE54-9A1E7A4F7556}") = "Framework.Application", "Framework.Application\Framework.Application.csproj", "{081615E5-0688-4282-BDE2-DC21F52E89F4}"
EndProject
Project("{9A19103F-16F7-4668-BE54-9A1E7A4F7556}") = "Framework.Castle", "Framework.Castle\Framework.Castle.csproj", "{A7C112FC-3B65-43C1-AC51-E592B717CDA0}"
EndProject
Project("{9A19103F-16F7-4668-BE54-9A1E7A4F7556}") = "Framework.Nhibernate", "Framework.Nhibernate\Framework.Nhibernate.csproj", "{A1748D5B-E5EE-45FE-9DA5-DF4A0D80ED87}"
EndProject
Project("{9A19103F-16F7-4668-BE54-9A1E7A4F7556}") = "Forum.Domain.Test.Utils", "Forum.Domain.Test.Utils\Forum.Domain.Test.Utils.csproj", "{723405F2-1ED7-4124-ACB2-CB63C404DA50}"
EndProject
Project("{2150E333-8FDC-42A3-9474-1A3956D46DE8}") = "Application", "Application", "{58390556-5F84-49AC-A316-EF1BC5D5FCF7}"
EndProject
Project("{9A19103F-16F7-4668-BE54-9A1E7A4F7556}") = "Forum.Application.Tests.Unit", "Forum.Application.Tests.Unit\Forum.Application.Tests.Unit.csproj", "{198DF3A9-F13D-452E-997A-84A1A0B57451}"
EndProject
Project("{9A19103F-16F7-4668-BE54-9A1E7A4F7556}") = "Forum.Application", "Forum.Application\Forum.Application.csproj", "{DB4FC3A2-8DE8-4B20-B390-0D5D62B6B659}"
EndProject
Project("{2150E333-8FDC-42A3-9474-1A3956D46DE8}") = "Infrastructure", "Infrastructure", "{4D988CE4-72C1-4E1D-B372-021DE971391A}"
EndProject
Project("{2150E333-8FDC-42A3-9474-1A3956D46DE8}") = "Presentation", "Presentation", "{44851A34-FE8C-4E78-9D03-64B6C8E10B1C}"
EndProject
Project("{9A19103F-16F7-4668-BE54-9A1E7A4F7556}") = "Forum.Infrastructure.Persistance.Nh", "Forum.Infrastructure.Persistance.Nh\Forum.Infrastructure.Persistance.Nh.csproj", "{06910045-B908-49D5-AF99-B2646200FB9C}"
EndProject
Project("{9A19103F-16F7-4668-BE54-9A1E7A4F7556}") = "Forum.Presentation.RestApi", "Forum.Presentation.RestApi\Forum.Presentation.RestApi.csproj", "{5F9BF363-0CC5-4182-B295-238AAD29737C}"
EndProject
Project("{9A19103F-16F7-4668-BE54-9A1E7A4F7556}") = "Forum.Presentation.Contracts", "Forum.Presentation.Contracts\Forum.Presentation.Contracts.csproj", "{A3A73AE6-2948-4386-A540-889F490CED13}"
EndProject
Project("{9A19103F-16F7-4668-BE54-9A1E7A4F7556}") = "Forum.Presentation.RestApi.Tests.Unit", "Forum.Presentation.RestApi.Tests.Unit\Forum.Presentation.RestApi.Tests.Unit.csproj", "{1B8CC7E7-E4B8-4FFB-9ABE-47E7C9DE10A4}"
EndProject
Project("{9A19103F-16F7-4668-BE54-9A1E7A4F7556}") = "Forum.Application.Tests.Utils", "Forum.Application.Tests.Utils\Forum.Application.Tests.Utils.csproj", "{A3596060-E35D-42F8-9542-0D7B97AB2B61}"
EndProject
Project("{9A19103F-16F7-4668-BE54-9A1E7A4F7556}") = "Forum.Infrastructure.Config", "Forum.Infrastructure.Config\Forum.Infrastructure.Config.csproj", "{9B8B5081-E2D8-4992-9DAF-94A1858F5C71}"
EndProject
Project("{9A19103F-16F7-4668-BE54-9A1E7A4F7556}") = "Forum.Presentation.Query", "Forum.Presentation.Query\Forum.Presentation.Query.csproj", "{18BA8FCD-92B6-43D5-ACA3-9464786BEB5C}"
EndProject
Project("{9A19103F-16F7-4668-BE54-9A1E7A4F7556}") = "Forum.Presentation.Query.Tests.Unit", "Forum.Presentation.Query.Tests.Unit\Forum.Presentation.Query.Tests.Unit.csproj", "{EF500852-FDDA-4852-A907-F84FD2BABEAE}"
EndProject
Project("{2150E333-8FDC-42A3-9474-1A3956D46DE8}") = "UserManagement", "UserManagement", "{59239359-82CD-42BC-BC4A-304098724F12}"
EndProject
Project("{2150E333-8FDC-42A3-9474-1A3956D46DE8}") = "Domain", "Domain", "{ABA4CF1C-488E-490D-A4C6-CFEE54825C7D}"
EndProject
Project("{9A19103F-16F7-4668-BE54-9A1E7A4F7556}") = "UserManagement.Domain.Tests.Unit", "UserManagement.Domain.Tests.Unit\UserManagement.Domain.Tests.Unit.csproj", "{84BD9B24-BE2D-490D-A1CB-F167B770F5F3}"
EndProject
Project("{9A19103F-16F7-4668-BE54-9A1E7A4F7556}") = "UserManagement.Domain", "UserManagement.Domain\UserManagement.Domain.csproj", "{64EAD15F-5601-4888-9E22-D94EAD4D27EF}"
EndProject
Project("{9A19103F-16F7-4668-BE54-9A1E7A4F7556}") = "UserManagement.Domain.Utils", "UserManagement.Domain.Utils\UserManagement.Domain.Utils.csproj", "{3EDBFE20-D75F-4B45-9C30-E685B761F137}"
EndProject
Project("{2150E333-8FDC-42A3-9474-1A3956D46DE8}") = "Application", "Application", "{592A2902-D0D9-404C-BC0C-CE6C2D8C3198}"
EndProject
Project("{2150E333-8FDC-42A3-9474-1A3956D46DE8}") = "Infrastructure", "Infrastructure", "{A73D13DE-FBAA-4DAF-BAF0-4FBD269E85C1}"
EndProject
Project("{2150E333-8FDC-42A3-9474-1A3956D46DE8}") = "Presentation", "Presentation", "{FDCD5316-80A7-4672-9B38-B9F2AE6D4626}"
EndProject
Project("{9A19103F-16F7-4668-BE54-9A1E7A4F7556}") = "UserManagement.Infrastructure.Persistance.Nh", "UserManagement.Infrastructure.Persistance.Nh\UserManagement.Infrastructure.Persistance.Nh.csproj", "{D9728731-2CB8-43E8-9A0A-B9C79DAAEB1C}"
EndProject
Project("{9A19103F-16F7-4668-BE54-9A1E7A4F7556}") = "UserManagement.Application.Tests.Unit", "UserManagement.Application.Tests.Unit\UserManagement.Application.Tests.Unit.csproj", "{D9194F55-33E5-4B04-8CF8-8E7AD6933F35}"
EndProject
Project("{9A19103F-16F7-4668-BE54-9A1E7A4F7556}") = "UserManagement.Interface.Facade.Contract", "UserManagement.Interface.Facade.Contract\UserManagement.Interface.Facade.Contract.csproj", "{2CA8C2C8-36AB-4253-ABEA-FFDA5B836522}"
EndProject
Project("{9A19103F-16F7-4668-BE54-9A1E7A4F7556}") = "UserManagement.Application", "UserManagement.Application\UserManagement.Application.csproj", "{A553D845-9330-4FB6-B39A-0F0F18585E0D}"
EndProject
Project("{9A19103F-16F7-4668-BE54-9A1E7A4F7556}") = "UserManagement.Infrastructure.Config", "UserManagement.Infrastructure.Config\UserManagement.Infrastructure.Config.csproj", "{6C993CFF-71A0-4498-97C5-DC1E1EEC9BFF}"
EndProject
Project("{9A19103F-16F7-4668-BE54-9A1E7A4F7556}") = "UserManagement.Presentation.RestApi.Tests.Unit", "UserManagement.Presentation.RestApi.Tests.Unit\UserManagement.Presentation.RestApi.Tests.Unit.csproj", "{F4199E7F-7C42-440B-912F-F03793EC6CC5}"
EndProject
Project("{9A19103F-16F7-4668-BE54-9A1E7A4F7556}") = "UserManagement.Presentation.RestApi", "UserManagement.Presentation.RestApi\UserManagement.Presentation.RestApi.csproj", "{EBB8D8F8-676B-4198-AE25-B4BAC4FE8CD8}"
EndProject
Project("{FAE04EC0-301F-11D3-BF4B-00C04F79EFBC}") = "UserManagement.Infrastructure.EntityFramework", "UserManagement.Infrastructure.EntityFramework\UserManagement.Infrastructure.EntityFramework.csproj", "{58B695E6-2A0C-4FE0-B5EE-899112B1F6A5}"
EndProject
Global
	GlobalSection(SolutionConfigurationPlatforms) = preSolution
		Debug|Any CPU = Debug|Any CPU
		Release|Any CPU = Release|Any CPU
	EndGlobalSection
	GlobalSection(ProjectConfigurationPlatforms) = postSolution
		{1C2604D2-DCC7-44B0-A2DF-2537B919866A}.Debug|Any CPU.ActiveCfg = Debug|Any CPU
		{1C2604D2-DCC7-44B0-A2DF-2537B919866A}.Debug|Any CPU.Build.0 = Debug|Any CPU
		{1C2604D2-DCC7-44B0-A2DF-2537B919866A}.Release|Any CPU.ActiveCfg = Release|Any CPU
		{1C2604D2-DCC7-44B0-A2DF-2537B919866A}.Release|Any CPU.Build.0 = Release|Any CPU
		{9AE62B0B-B70C-4628-9F37-303D194FCB80}.Debug|Any CPU.ActiveCfg = Debug|Any CPU
		{9AE62B0B-B70C-4628-9F37-303D194FCB80}.Debug|Any CPU.Build.0 = Debug|Any CPU
		{9AE62B0B-B70C-4628-9F37-303D194FCB80}.Release|Any CPU.ActiveCfg = Release|Any CPU
		{9AE62B0B-B70C-4628-9F37-303D194FCB80}.Release|Any CPU.Build.0 = Release|Any CPU
		{E474111D-79C1-40AA-8640-0D0665ACFAEC}.Debug|Any CPU.ActiveCfg = Debug|Any CPU
		{E474111D-79C1-40AA-8640-0D0665ACFAEC}.Debug|Any CPU.Build.0 = Debug|Any CPU
		{E474111D-79C1-40AA-8640-0D0665ACFAEC}.Release|Any CPU.ActiveCfg = Release|Any CPU
		{E474111D-79C1-40AA-8640-0D0665ACFAEC}.Release|Any CPU.Build.0 = Release|Any CPU
		{0BA47F6E-B660-4C60-8CD7-AA28D979D98F}.Debug|Any CPU.ActiveCfg = Debug|Any CPU
		{0BA47F6E-B660-4C60-8CD7-AA28D979D98F}.Debug|Any CPU.Build.0 = Debug|Any CPU
		{0BA47F6E-B660-4C60-8CD7-AA28D979D98F}.Release|Any CPU.ActiveCfg = Release|Any CPU
		{0BA47F6E-B660-4C60-8CD7-AA28D979D98F}.Release|Any CPU.Build.0 = Release|Any CPU
		{081615E5-0688-4282-BDE2-DC21F52E89F4}.Debug|Any CPU.ActiveCfg = Debug|Any CPU
		{081615E5-0688-4282-BDE2-DC21F52E89F4}.Debug|Any CPU.Build.0 = Debug|Any CPU
		{081615E5-0688-4282-BDE2-DC21F52E89F4}.Release|Any CPU.ActiveCfg = Release|Any CPU
		{081615E5-0688-4282-BDE2-DC21F52E89F4}.Release|Any CPU.Build.0 = Release|Any CPU
		{A7C112FC-3B65-43C1-AC51-E592B717CDA0}.Debug|Any CPU.ActiveCfg = Debug|Any CPU
		{A7C112FC-3B65-43C1-AC51-E592B717CDA0}.Debug|Any CPU.Build.0 = Debug|Any CPU
		{A7C112FC-3B65-43C1-AC51-E592B717CDA0}.Release|Any CPU.ActiveCfg = Release|Any CPU
		{A7C112FC-3B65-43C1-AC51-E592B717CDA0}.Release|Any CPU.Build.0 = Release|Any CPU
		{A1748D5B-E5EE-45FE-9DA5-DF4A0D80ED87}.Debug|Any CPU.ActiveCfg = Debug|Any CPU
		{A1748D5B-E5EE-45FE-9DA5-DF4A0D80ED87}.Debug|Any CPU.Build.0 = Debug|Any CPU
		{A1748D5B-E5EE-45FE-9DA5-DF4A0D80ED87}.Release|Any CPU.ActiveCfg = Release|Any CPU
		{A1748D5B-E5EE-45FE-9DA5-DF4A0D80ED87}.Release|Any CPU.Build.0 = Release|Any CPU
		{723405F2-1ED7-4124-ACB2-CB63C404DA50}.Debug|Any CPU.ActiveCfg = Debug|Any CPU
		{723405F2-1ED7-4124-ACB2-CB63C404DA50}.Debug|Any CPU.Build.0 = Debug|Any CPU
		{723405F2-1ED7-4124-ACB2-CB63C404DA50}.Release|Any CPU.ActiveCfg = Release|Any CPU
		{723405F2-1ED7-4124-ACB2-CB63C404DA50}.Release|Any CPU.Build.0 = Release|Any CPU
		{198DF3A9-F13D-452E-997A-84A1A0B57451}.Debug|Any CPU.ActiveCfg = Debug|Any CPU
		{198DF3A9-F13D-452E-997A-84A1A0B57451}.Debug|Any CPU.Build.0 = Debug|Any CPU
		{198DF3A9-F13D-452E-997A-84A1A0B57451}.Release|Any CPU.ActiveCfg = Release|Any CPU
		{198DF3A9-F13D-452E-997A-84A1A0B57451}.Release|Any CPU.Build.0 = Release|Any CPU
		{DB4FC3A2-8DE8-4B20-B390-0D5D62B6B659}.Debug|Any CPU.ActiveCfg = Debug|Any CPU
		{DB4FC3A2-8DE8-4B20-B390-0D5D62B6B659}.Debug|Any CPU.Build.0 = Debug|Any CPU
		{DB4FC3A2-8DE8-4B20-B390-0D5D62B6B659}.Release|Any CPU.ActiveCfg = Release|Any CPU
		{DB4FC3A2-8DE8-4B20-B390-0D5D62B6B659}.Release|Any CPU.Build.0 = Release|Any CPU
		{06910045-B908-49D5-AF99-B2646200FB9C}.Debug|Any CPU.ActiveCfg = Debug|Any CPU
		{06910045-B908-49D5-AF99-B2646200FB9C}.Debug|Any CPU.Build.0 = Debug|Any CPU
		{06910045-B908-49D5-AF99-B2646200FB9C}.Release|Any CPU.ActiveCfg = Release|Any CPU
		{06910045-B908-49D5-AF99-B2646200FB9C}.Release|Any CPU.Build.0 = Release|Any CPU
		{5F9BF363-0CC5-4182-B295-238AAD29737C}.Debug|Any CPU.ActiveCfg = Debug|Any CPU
		{5F9BF363-0CC5-4182-B295-238AAD29737C}.Debug|Any CPU.Build.0 = Debug|Any CPU
		{5F9BF363-0CC5-4182-B295-238AAD29737C}.Release|Any CPU.ActiveCfg = Release|Any CPU
		{5F9BF363-0CC5-4182-B295-238AAD29737C}.Release|Any CPU.Build.0 = Release|Any CPU
		{A3A73AE6-2948-4386-A540-889F490CED13}.Debug|Any CPU.ActiveCfg = Debug|Any CPU
		{A3A73AE6-2948-4386-A540-889F490CED13}.Debug|Any CPU.Build.0 = Debug|Any CPU
		{A3A73AE6-2948-4386-A540-889F490CED13}.Release|Any CPU.ActiveCfg = Release|Any CPU
		{A3A73AE6-2948-4386-A540-889F490CED13}.Release|Any CPU.Build.0 = Release|Any CPU
		{1B8CC7E7-E4B8-4FFB-9ABE-47E7C9DE10A4}.Debug|Any CPU.ActiveCfg = Debug|Any CPU
		{1B8CC7E7-E4B8-4FFB-9ABE-47E7C9DE10A4}.Debug|Any CPU.Build.0 = Debug|Any CPU
		{1B8CC7E7-E4B8-4FFB-9ABE-47E7C9DE10A4}.Release|Any CPU.ActiveCfg = Release|Any CPU
		{1B8CC7E7-E4B8-4FFB-9ABE-47E7C9DE10A4}.Release|Any CPU.Build.0 = Release|Any CPU
		{A3596060-E35D-42F8-9542-0D7B97AB2B61}.Debug|Any CPU.ActiveCfg = Debug|Any CPU
		{A3596060-E35D-42F8-9542-0D7B97AB2B61}.Debug|Any CPU.Build.0 = Debug|Any CPU
		{A3596060-E35D-42F8-9542-0D7B97AB2B61}.Release|Any CPU.ActiveCfg = Release|Any CPU
		{A3596060-E35D-42F8-9542-0D7B97AB2B61}.Release|Any CPU.Build.0 = Release|Any CPU
		{9B8B5081-E2D8-4992-9DAF-94A1858F5C71}.Debug|Any CPU.ActiveCfg = Debug|Any CPU
		{9B8B5081-E2D8-4992-9DAF-94A1858F5C71}.Debug|Any CPU.Build.0 = Debug|Any CPU
		{9B8B5081-E2D8-4992-9DAF-94A1858F5C71}.Release|Any CPU.ActiveCfg = Release|Any CPU
		{9B8B5081-E2D8-4992-9DAF-94A1858F5C71}.Release|Any CPU.Build.0 = Release|Any CPU
		{18BA8FCD-92B6-43D5-ACA3-9464786BEB5C}.Debug|Any CPU.ActiveCfg = Debug|Any CPU
		{18BA8FCD-92B6-43D5-ACA3-9464786BEB5C}.Debug|Any CPU.Build.0 = Debug|Any CPU
		{18BA8FCD-92B6-43D5-ACA3-9464786BEB5C}.Release|Any CPU.ActiveCfg = Release|Any CPU
		{18BA8FCD-92B6-43D5-ACA3-9464786BEB5C}.Release|Any CPU.Build.0 = Release|Any CPU
		{EF500852-FDDA-4852-A907-F84FD2BABEAE}.Debug|Any CPU.ActiveCfg = Debug|Any CPU
		{EF500852-FDDA-4852-A907-F84FD2BABEAE}.Debug|Any CPU.Build.0 = Debug|Any CPU
		{EF500852-FDDA-4852-A907-F84FD2BABEAE}.Release|Any CPU.ActiveCfg = Release|Any CPU
		{EF500852-FDDA-4852-A907-F84FD2BABEAE}.Release|Any CPU.Build.0 = Release|Any CPU
		{84BD9B24-BE2D-490D-A1CB-F167B770F5F3}.Debug|Any CPU.ActiveCfg = Debug|Any CPU
		{84BD9B24-BE2D-490D-A1CB-F167B770F5F3}.Debug|Any CPU.Build.0 = Debug|Any CPU
		{84BD9B24-BE2D-490D-A1CB-F167B770F5F3}.Release|Any CPU.ActiveCfg = Release|Any CPU
		{84BD9B24-BE2D-490D-A1CB-F167B770F5F3}.Release|Any CPU.Build.0 = Release|Any CPU
		{64EAD15F-5601-4888-9E22-D94EAD4D27EF}.Debug|Any CPU.ActiveCfg = Debug|Any CPU
		{64EAD15F-5601-4888-9E22-D94EAD4D27EF}.Debug|Any CPU.Build.0 = Debug|Any CPU
		{64EAD15F-5601-4888-9E22-D94EAD4D27EF}.Release|Any CPU.ActiveCfg = Release|Any CPU
		{64EAD15F-5601-4888-9E22-D94EAD4D27EF}.Release|Any CPU.Build.0 = Release|Any CPU
		{3EDBFE20-D75F-4B45-9C30-E685B761F137}.Debug|Any CPU.ActiveCfg = Debug|Any CPU
		{3EDBFE20-D75F-4B45-9C30-E685B761F137}.Debug|Any CPU.Build.0 = Debug|Any CPU
		{3EDBFE20-D75F-4B45-9C30-E685B761F137}.Release|Any CPU.ActiveCfg = Release|Any CPU
		{3EDBFE20-D75F-4B45-9C30-E685B761F137}.Release|Any CPU.Build.0 = Release|Any CPU
		{D9728731-2CB8-43E8-9A0A-B9C79DAAEB1C}.Debug|Any CPU.ActiveCfg = Debug|Any CPU
		{D9728731-2CB8-43E8-9A0A-B9C79DAAEB1C}.Debug|Any CPU.Build.0 = Debug|Any CPU
		{D9728731-2CB8-43E8-9A0A-B9C79DAAEB1C}.Release|Any CPU.ActiveCfg = Release|Any CPU
		{D9728731-2CB8-43E8-9A0A-B9C79DAAEB1C}.Release|Any CPU.Build.0 = Release|Any CPU
		{D9194F55-33E5-4B04-8CF8-8E7AD6933F35}.Debug|Any CPU.ActiveCfg = Debug|Any CPU
		{D9194F55-33E5-4B04-8CF8-8E7AD6933F35}.Debug|Any CPU.Build.0 = Debug|Any CPU
		{D9194F55-33E5-4B04-8CF8-8E7AD6933F35}.Release|Any CPU.ActiveCfg = Release|Any CPU
		{D9194F55-33E5-4B04-8CF8-8E7AD6933F35}.Release|Any CPU.Build.0 = Release|Any CPU
		{2CA8C2C8-36AB-4253-ABEA-FFDA5B836522}.Debug|Any CPU.ActiveCfg = Debug|Any CPU
		{2CA8C2C8-36AB-4253-ABEA-FFDA5B836522}.Debug|Any CPU.Build.0 = Debug|Any CPU
		{2CA8C2C8-36AB-4253-ABEA-FFDA5B836522}.Release|Any CPU.ActiveCfg = Release|Any CPU
		{2CA8C2C8-36AB-4253-ABEA-FFDA5B836522}.Release|Any CPU.Build.0 = Release|Any CPU
		{A553D845-9330-4FB6-B39A-0F0F18585E0D}.Debug|Any CPU.ActiveCfg = Debug|Any CPU
		{A553D845-9330-4FB6-B39A-0F0F18585E0D}.Debug|Any CPU.Build.0 = Debug|Any CPU
		{A553D845-9330-4FB6-B39A-0F0F18585E0D}.Release|Any CPU.ActiveCfg = Release|Any CPU
		{A553D845-9330-4FB6-B39A-0F0F18585E0D}.Release|Any CPU.Build.0 = Release|Any CPU
		{6C993CFF-71A0-4498-97C5-DC1E1EEC9BFF}.Debug|Any CPU.ActiveCfg = Debug|Any CPU
		{6C993CFF-71A0-4498-97C5-DC1E1EEC9BFF}.Debug|Any CPU.Build.0 = Debug|Any CPU
		{6C993CFF-71A0-4498-97C5-DC1E1EEC9BFF}.Release|Any CPU.ActiveCfg = Release|Any CPU
		{6C993CFF-71A0-4498-97C5-DC1E1EEC9BFF}.Release|Any CPU.Build.0 = Release|Any CPU
		{F4199E7F-7C42-440B-912F-F03793EC6CC5}.Debug|Any CPU.ActiveCfg = Debug|Any CPU
		{F4199E7F-7C42-440B-912F-F03793EC6CC5}.Debug|Any CPU.Build.0 = Debug|Any CPU
		{F4199E7F-7C42-440B-912F-F03793EC6CC5}.Release|Any CPU.ActiveCfg = Release|Any CPU
		{F4199E7F-7C42-440B-912F-F03793EC6CC5}.Release|Any CPU.Build.0 = Release|Any CPU
		{EBB8D8F8-676B-4198-AE25-B4BAC4FE8CD8}.Debug|Any CPU.ActiveCfg = Debug|Any CPU
		{EBB8D8F8-676B-4198-AE25-B4BAC4FE8CD8}.Debug|Any CPU.Build.0 = Debug|Any CPU
		{EBB8D8F8-676B-4198-AE25-B4BAC4FE8CD8}.Release|Any CPU.ActiveCfg = Release|Any CPU
		{EBB8D8F8-676B-4198-AE25-B4BAC4FE8CD8}.Release|Any CPU.Build.0 = Release|Any CPU
		{58B695E6-2A0C-4FE0-B5EE-899112B1F6A5}.Debug|Any CPU.ActiveCfg = Debug|Any CPU
		{58B695E6-2A0C-4FE0-B5EE-899112B1F6A5}.Debug|Any CPU.Build.0 = Debug|Any CPU
		{58B695E6-2A0C-4FE0-B5EE-899112B1F6A5}.Release|Any CPU.ActiveCfg = Release|Any CPU
		{58B695E6-2A0C-4FE0-B5EE-899112B1F6A5}.Release|Any CPU.Build.0 = Release|Any CPU
	EndGlobalSection
	GlobalSection(SolutionProperties) = preSolution
		HideSolutionNode = FALSE
	EndGlobalSection
	GlobalSection(NestedProjects) = preSolution
		{1C2604D2-DCC7-44B0-A2DF-2537B919866A} = {09B3A963-C8B1-4480-BE66-A82F961C43CA}
		{9AE62B0B-B70C-4628-9F37-303D194FCB80} = {09B3A963-C8B1-4480-BE66-A82F961C43CA}
		{09B3A963-C8B1-4480-BE66-A82F961C43CA} = {54DAC616-D677-4DA1-8527-4B6D4195CD94}
		{E474111D-79C1-40AA-8640-0D0665ACFAEC} = {F4C63BA7-ACDE-4A3F-91E1-754EC5DAF842}
		{0BA47F6E-B660-4C60-8CD7-AA28D979D98F} = {F4C63BA7-ACDE-4A3F-91E1-754EC5DAF842}
		{081615E5-0688-4282-BDE2-DC21F52E89F4} = {F4C63BA7-ACDE-4A3F-91E1-754EC5DAF842}
		{A7C112FC-3B65-43C1-AC51-E592B717CDA0} = {F4C63BA7-ACDE-4A3F-91E1-754EC5DAF842}
		{A1748D5B-E5EE-45FE-9DA5-DF4A0D80ED87} = {F4C63BA7-ACDE-4A3F-91E1-754EC5DAF842}
		{723405F2-1ED7-4124-ACB2-CB63C404DA50} = {09B3A963-C8B1-4480-BE66-A82F961C43CA}
		{58390556-5F84-49AC-A316-EF1BC5D5FCF7} = {54DAC616-D677-4DA1-8527-4B6D4195CD94}
		{198DF3A9-F13D-452E-997A-84A1A0B57451} = {58390556-5F84-49AC-A316-EF1BC5D5FCF7}
		{DB4FC3A2-8DE8-4B20-B390-0D5D62B6B659} = {58390556-5F84-49AC-A316-EF1BC5D5FCF7}
		{4D988CE4-72C1-4E1D-B372-021DE971391A} = {54DAC616-D677-4DA1-8527-4B6D4195CD94}
		{44851A34-FE8C-4E78-9D03-64B6C8E10B1C} = {54DAC616-D677-4DA1-8527-4B6D4195CD94}
		{06910045-B908-49D5-AF99-B2646200FB9C} = {4D988CE4-72C1-4E1D-B372-021DE971391A}
		{5F9BF363-0CC5-4182-B295-238AAD29737C} = {44851A34-FE8C-4E78-9D03-64B6C8E10B1C}
		{A3A73AE6-2948-4386-A540-889F490CED13} = {44851A34-FE8C-4E78-9D03-64B6C8E10B1C}
		{1B8CC7E7-E4B8-4FFB-9ABE-47E7C9DE10A4} = {44851A34-FE8C-4E78-9D03-64B6C8E10B1C}
		{A3596060-E35D-42F8-9542-0D7B97AB2B61} = {58390556-5F84-49AC-A316-EF1BC5D5FCF7}
		{9B8B5081-E2D8-4992-9DAF-94A1858F5C71} = {4D988CE4-72C1-4E1D-B372-021DE971391A}
		{18BA8FCD-92B6-43D5-ACA3-9464786BEB5C} = {44851A34-FE8C-4E78-9D03-64B6C8E10B1C}
		{EF500852-FDDA-4852-A907-F84FD2BABEAE} = {44851A34-FE8C-4E78-9D03-64B6C8E10B1C}
		{ABA4CF1C-488E-490D-A4C6-CFEE54825C7D} = {59239359-82CD-42BC-BC4A-304098724F12}
		{84BD9B24-BE2D-490D-A1CB-F167B770F5F3} = {ABA4CF1C-488E-490D-A4C6-CFEE54825C7D}
		{64EAD15F-5601-4888-9E22-D94EAD4D27EF} = {ABA4CF1C-488E-490D-A4C6-CFEE54825C7D}
		{3EDBFE20-D75F-4B45-9C30-E685B761F137} = {ABA4CF1C-488E-490D-A4C6-CFEE54825C7D}
		{592A2902-D0D9-404C-BC0C-CE6C2D8C3198} = {59239359-82CD-42BC-BC4A-304098724F12}
		{A73D13DE-FBAA-4DAF-BAF0-4FBD269E85C1} = {59239359-82CD-42BC-BC4A-304098724F12}
		{FDCD5316-80A7-4672-9B38-B9F2AE6D4626} = {59239359-82CD-42BC-BC4A-304098724F12}
		{D9728731-2CB8-43E8-9A0A-B9C79DAAEB1C} = {A73D13DE-FBAA-4DAF-BAF0-4FBD269E85C1}
		{D9194F55-33E5-4B04-8CF8-8E7AD6933F35} = {592A2902-D0D9-404C-BC0C-CE6C2D8C3198}
		{2CA8C2C8-36AB-4253-ABEA-FFDA5B836522} = {FDCD5316-80A7-4672-9B38-B9F2AE6D4626}
		{A553D845-9330-4FB6-B39A-0F0F18585E0D} = {592A2902-D0D9-404C-BC0C-CE6C2D8C3198}
		{6C993CFF-71A0-4498-97C5-DC1E1EEC9BFF} = {A73D13DE-FBAA-4DAF-BAF0-4FBD269E85C1}
		{F4199E7F-7C42-440B-912F-F03793EC6CC5} = {FDCD5316-80A7-4672-9B38-B9F2AE6D4626}
		{EBB8D8F8-676B-4198-AE25-B4BAC4FE8CD8} = {FDCD5316-80A7-4672-9B38-B9F2AE6D4626}
		{58B695E6-2A0C-4FE0-B5EE-899112B1F6A5} = {A73D13DE-FBAA-4DAF-BAF0-4FBD269E85C1}
	EndGlobalSection
	GlobalSection(ExtensibilityGlobals) = postSolution
		SolutionGuid = {43576C0A-D58C-4E4F-844C-FF9FD8B74CA7}
	EndGlobalSection
EndGlobal
